{
  "name": "testpublish",
  "lockfileVersion": 3,
  "requires": true,
  "packages": {
    "": {
      "dependencies": {
        "shricalc": "^1.0.0"
      }
    },
    "node_modules/shricalc": {
      "version": "1.0.0",
      "resolved": "https://registry.npmjs.org/shricalc/-/shricalc-1.0.0.tgz",
      "integrity": "sha512-11g4LDV6I0Mln5n843mmGMSdxHKCHfGQ1EEq/lPKwQmCcaQkyPMjQWXAbrdveBlwf539sOQpDFeljfbOgW1+0g==",
      "license": "ISC"
    }
  }
}
